{
  "requires": true,
  "lockfileVersion": 1,
  "dependencies": {
    "dictionary-es": {
      "version": "3.0.1",
      "resolved": "https://registry.npmjs.org/dictionary-es/-/dictionary-es-3.0.1.tgz",
      "integrity": "sha512-3fVNS9Y8h2RTreELq2Sq33Ue/eATiJHG/C2CIcXyCxU0BCCW57s1dNLwGH5SGJUDmnPrNNluZWqAKmGcUZgYbQ=="
    }
  }
}
